# THIS IS AN AUTOGENERATED FILE. DO NOT EDIT THIS FILE DIRECTLY.
# yarn lockfile v1


bluebird@^2.9.34:
  version "2.11.0"
  resolved "https://registry.yarnpkg.com/bluebird/-/bluebird-2.11.0.tgz#534b9033c022c9579c56ba3b3e5a5caafbb650e1"

cli-changelog@2.1.0:
  version "2.1.0"
  resolved "https://registry.yarnpkg.com/cli-changelog/-/cli-changelog-2.1.0.tgz#2725b48c6d28048c314123607917019b758fce5f"
  dependencies:
    bluebird "^2.9.34"
    validator "^4.0.5"

cli-release@^1.0.0:
  version "1.0.4"
  resolved "https://registry.yarnpkg.com/cli-release/-/cli-release-1.0.4.tgz#99db765290f1eed4862d140fd89be06a7e903d40"
  dependencies:
    cli-changelog "2.1.0"
    shelljs "0.5.3"

depd@1.1.0:
  version "1.1.0"
  resolved "https://registry.yarnpkg.com/depd/-/depd-1.1.0.tgz#e1bd82c6aab6ced965b97b88b17ed3e528ca18c3"

find-parent-dir@^0.3.0:
  version "0.3.0"
  resolved "https://registry.yarnpkg.com/find-parent-dir/-/find-parent-dir-0.3.0.tgz#33c44b429ab2b2f0646299c5f9f718f376ff8d54"

shelljs@0.5.3:
  version "0.5.3"
  resolved "https://registry.yarnpkg.com/shelljs/-/shelljs-0.5.3.tgz#c54982b996c76ef0c1e6b59fbdc5825f5b713113"

validator@^4.0.5:
  version "4.9.0"
  resolved "https://registry.yarnpkg.com/validator/-/validator-4.9.0.tgz#082ffce2a76148ff07a8e89e9c2ba43aaf12ec4c"
  dependencies:
    depd "1.1.0"
